%{
  "benchee": {:hex, :benchee, "1.0.1", "66b211f9bfd84bd97e6d1beaddf8fc2312aaabe192f776e8931cb0c16f53a521", [:mix], [{:deep_merge, "~> 1.0", [hex: :deep_merge, repo: "hexpm", optional: false]}], "hexpm", "3ad58ae787e9c7c94dd7ceda3b587ec2c64604563e049b2a0e8baafae832addb"},
  "benchee_html": {:hex, :benchee_html, "1.0.0", "5b4d24effebd060f466fb460ec06576e7b34a00fc26b234fe4f12c4f05c95947", [:mix], [{:benchee, ">= 0.99.0 and < 2.0.0", [hex: :benchee, repo: "hexpm", optional: false]}, {:benchee_json, "~> 1.0", [hex: :benchee_json, repo: "hexpm", optional: false]}], "hexpm", "5280af9aac432ff5ca4216d03e8a93f32209510e925b60e7f27c33796f69e699"},
  "benchee_json": {:hex, :benchee_json, "1.0.0", "cc661f4454d5995c08fe10dd1f2f72f229c8f0fb1c96f6b327a8c8fc96a91fe5", [:mix], [{:benchee, ">= 0.99.0 and < 2.0.0", [hex: :benchee, repo: "hexpm", optional: false]}, {:jason, "~> 1.0", [hex: :jason, repo: "hexpm", optional: false]}], "hexpm", "da05d813f9123505f870344d68fb7c86a4f0f9074df7d7b7e2bb011a63ec231c"},
  "bson": {:hex, :bson, "0.4.4", "175ad645cc492349a4cefa0bdff612178a0db611adf38dabe2bbfad2aa25627a", [:mix], [], "hexpm", "69cbda1d27fd0f500f306c99e609593132c66b521b92a21ce6f21fea88dc3d27"},
  "cowboy": {:hex, :cowboy, "2.0.0", "a3b680bcc1156c6fbcb398cc56adc35177037012d7dc28d8f7e7926d6c243561", [:rebar3], [{:cowlib, "~> 2.0.0", [hex: :cowlib, repo: "hexpm", optional: false]}, {:ranch, "~> 1.4.0", [hex: :ranch, repo: "hexpm", optional: false]}], "hexpm", "6c7c840b4353df9f3f7f2c053d58a3d1b0cd4d2bd71265d23ec31089565578cc"},
  "cowlib": {:hex, :cowlib, "2.0.1", "4dfffb1db296eab9f2e8b95ee3017007f674bc920ce30aeb5a53bbda82fc38c0", [:rebar3], [], "hexpm", "0d74161b7f5c0ffaf390c5f59d2267a504a095f275c722e221716472c80caaea"},
  "customized_hdr_histogram": {:hex, :customized_hdr_histogram, "0.3.2", "14ddae316fb694455fcc20cbd1ad5f057e421132e562afb93bd81eda44bd937d", [:rebar3], [], "hexpm", "b93d89e42c1109c040b2d552723bf5e098a0d03e9626669729854408610aeab2"},
  "deep_merge": {:hex, :deep_merge, "1.0.0", "b4aa1a0d1acac393bdf38b2291af38cb1d4a52806cf7a4906f718e1feb5ee961", [:mix], [], "hexpm", "ce708e5f094b9cd4e8f2be4f00d2f4250c4095be93f8cd6d018c753894885430"},
  "goldrush": {:hex, :goldrush, "0.1.9", "f06e5d5f1277da5c413e84d5a2924174182fb108dabb39d5ec548b27424cd106", [:rebar3], [], "hexpm", "99cb4128cffcb3227581e5d4d803d5413fa643f4eb96523f77d9e6937d994ceb"},
  "jason": {:hex, :jason, "1.2.2", "ba43e3f2709fd1aa1dce90aaabfd039d000469c05c56f0b8e31978e03fa39052", [:mix], [{:decimal, "~> 1.0 or ~> 2.0", [hex: :decimal, repo: "hexpm", optional: true]}], "hexpm", "18a228f5f0058ee183f29f9eae0805c6e59d61c3b006760668d8d18ff0d12179"},
  "jsone": {:hex, :jsone, "1.4.7", "a970c23d9700ae7842b526c57677e6e3f10894b429524696ead547e9302391c0", [:rebar3], [], "hexpm", "9c246138866ed8169674ef5494e8cd782cd22682715379ecbdac13f7aa95d4e7"},
  "lager": {:hex, :lager, "3.2.4", "a6deb74dae7927f46bd13255268308ef03eb206ec784a94eaf7c1c0f3b811615", [:rebar3], [{:goldrush, "0.1.9", [hex: :goldrush, repo: "hexpm", optional: false]}], "hexpm", "eec0b676776adcfc4f281add4acad1806b2f399774eaaa30f9ec47d2b7881b58"},
  "ranch": {:hex, :ranch, "1.4.0", "10272f95da79340fa7e8774ba7930b901713d272905d0012b06ca6d994f8826b", [:rebar3], [], "hexpm", "53ad9c80918ea2b6d11e0c225d4396473c288d02c44c9ca5eb0aa2e1c85fecba"},
  "xprof": {:hex, :xprof, "2.0.0-rc.4", "e5d6edd7f35cfbe011c20e1e734a73a6b1f6636121979e8e87c21de1b6705b49", [:rebar3], [{:xprof_core, "2.0.0-rc.4", [hex: :xprof_core, repo: "hexpm", optional: false]}, {:xprof_gui, "2.0.0-rc.4", [hex: :xprof_gui, repo: "hexpm", optional: false]}], "hexpm", "961c525c71837f4b507179c2858229ffa9849f644ea5c3096fc6c47002605678"},
  "xprof_core": {:hex, :xprof_core, "2.0.0-rc.4", "fa52539abc1b3f0b9653f8c53ff799a1014e086c7e85ccce9ff1f4a6c0b03f9b", [:rebar3], [{:customized_hdr_histogram, "0.3.2", [hex: :customized_hdr_histogram, repo: "hexpm", optional: false]}, {:lager, "3.2.4", [hex: :lager, repo: "hexpm", optional: false]}], "hexpm", "a1e522e2cbf430d5d992007b6b90a3ace225f6964bb7c1c4ac0954b8fd2c9378"},
  "xprof_gui": {:hex, :xprof_gui, "2.0.0-rc.4", "a0719c2b7a2aa652a99c1cf6bb1d57cc02a474860e41cc6150f4be21f7aaa6af", [:rebar3], [{:cowboy, "2.0.0", [hex: :cowboy, repo: "hexpm", optional: false]}, {:jsone, "1.4.7", [hex: :jsone, repo: "hexpm", optional: false]}, {:lager, "3.2.4", [hex: :lager, repo: "hexpm", optional: false]}], "hexpm", "01daf823e669165c7692562176985d3b4acefa8ab9d6e76319351d3c23a41386"},
}
