
Microsoft Visual Studio Solution File, Format Version 12.00
# Visual Studio Version 16
VisualStudioVersion = 16.0.28803.352
MinimumVisualStudioVersion = 10.0.40219.1
Project("{FAE04EC0-301F-11D3-BF4B-00C04F79EFBC}") = "hello_wpf", "hello_wpf.csproj", "{3C2A366F-6ADC-4563-A654-371423F6699A}"
EndProject
Global
	GlobalSection(SolutionConfigurationPlatforms) = preSolution
		Debug|Any CPU = Debug|Any CPU
		Release|Any CPU = Release|Any CPU
	EndGlobalSection
	GlobalSection(ProjectConfigurationPlatforms) = postSolution
		{3C2A366F-6ADC-4563-A654-371423F6699A}.Debug|Any CPU.ActiveCfg = Debug|Any CPU
		{3C2A366F-6ADC-4563-A654-371423F6699A}.Debug|Any CPU.Build.0 = Debug|Any CPU
		{3C2A366F-6ADC-4563-A654-371423F6699A}.Release|Any CPU.ActiveCfg = Release|Any CPU
		{3C2A366F-6ADC-4563-A654-371423F6699A}.Release|Any CPU.Build.0 = Release|Any CPU
	EndGlobalSection
	GlobalSection(SolutionProperties) = preSolution
		HideSolutionNode = FALSE
	EndGlobalSection
	GlobalSection(ExtensibilityGlobals) = postSolution
		SolutionGuid = {C38A53AE-DB95-43B3-9152-227439F1D33B}
	EndGlobalSection
EndGlobal
